
Microsoft Visual Studio Solution File, Format Version 12.00
# Visual Studio Version 16
VisualStudioVersion = 16.0.30503.244
MinimumVisualStudioVersion = 10.0.40219.1
Project("{FAE04EC0-301F-11D3-BF4B-00C04F79EFBC}") = "Shop", "Shop\Shop.csproj", "{0C8CA0AE-6411-459F-83A4-2C13E6C609EC}"
EndProject
Global
	GlobalSection(SolutionConfigurationPlatforms) = preSolution
		Debug|Any CPU = Debug|Any CPU
		Release|Any CPU = Release|Any CPU
	EndGlobalSection
	GlobalSection(ProjectConfigurationPlatforms) = postSolution
		{0C8CA0AE-6411-459F-83A4-2C13E6C609EC}.Debug|Any CPU.ActiveCfg = Debug|Any CPU
		{0C8CA0AE-6411-459F-83A4-2C13E6C609EC}.Debug|Any CPU.Build.0 = Debug|Any CPU
		{0C8CA0AE-6411-459F-83A4-2C13E6C609EC}.Release|Any CPU.ActiveCfg = Release|Any CPU
		{0C8CA0AE-6411-459F-83A4-2C13E6C609EC}.Release|Any CPU.Build.0 = Release|Any CPU
	EndGlobalSection
	GlobalSection(SolutionProperties) = preSolution
		HideSolutionNode = FALSE
	EndGlobalSection
	GlobalSection(ExtensibilityGlobals) = postSolution
		SolutionGuid = {5A1C6BD1-46F2-4D6C-B461-A8898F82A0E2}
	EndGlobalSection
EndGlobal
